
Microsoft Visual Studio Solution File, Format Version 12.00
# Visual Studio Version 16
VisualStudioVersion = 16.0.31005.135
MinimumVisualStudioVersion = 10.0.40219.1
Project("{FAE04EC0-301F-11D3-BF4B-00C04F79EFBC}") = "MVC5Demo2021_1", "MVC5Demo2021_1\MVC5Demo2021_1.csproj", "{BB4D0C05-BD6D-4218-947A-C0FFBE901A64}"
EndProject
Global
	GlobalSection(SolutionConfigurationPlatforms) = preSolution
		Debug|Any CPU = Debug|Any CPU
		Release|Any CPU = Release|Any CPU
	EndGlobalSection
	GlobalSection(ProjectConfigurationPlatforms) = postSolution
		{BB4D0C05-BD6D-4218-947A-C0FFBE901A64}.Debug|Any CPU.ActiveCfg = Debug|Any CPU
		{BB4D0C05-BD6D-4218-947A-C0FFBE901A64}.Debug|Any CPU.Build.0 = Debug|Any CPU
		{BB4D0C05-BD6D-4218-947A-C0FFBE901A64}.Release|Any CPU.ActiveCfg = Release|Any CPU
		{BB4D0C05-BD6D-4218-947A-C0FFBE901A64}.Release|Any CPU.Build.0 = Release|Any CPU
	EndGlobalSection
	GlobalSection(SolutionProperties) = preSolution
		HideSolutionNode = FALSE
	EndGlobalSection
	GlobalSection(ExtensibilityGlobals) = postSolution
		SolutionGuid = {ADEE920B-8C3D-4F27-BD44-B37BC9230EB2}
	EndGlobalSection
EndGlobal
